// !$*UTF8*$!
{
	archiveVersion = 1;
	classes = {
	};
	objectVersion = 55;
	objects = {

/* Begin PBXBuildFile section */
		6484D093282C592D00D616F8 /* main.m in Sources */ = {isa = PBXBuildFile; fileRef = 6484D092282C592D00D616F8 /* main.m */; };
		6484D099282C59C000D616F8 /* Maths.m in Sources */ = {isa = PBXBuildFile; fileRef = 6484D098282C59C000D616F8 /* Maths.m */; };
		6484D09F282C5BD500D616F8 /* InputHandler.m in Sources */ = {isa = PBXBuildFile; fileRef = 6484D09E282C5BD500D616F8 /* InputHandler.m */; };
		6484D0A2282C6A2C00D616F8 /* Question.m in Sources */ = {isa = PBXBuildFile; fileRef = 6484D0A1282C6A2C00D616F8 /* Question.m */; };
		6484D0A5282C76EF00D616F8 /* ScoreKeeper.m in Sources */ = {isa = PBXBuildFile; fileRef = 6484D0A4282C76EF00D616F8 /* ScoreKeeper.m */; };
		6484D0AB282DCB2C00D616F8 /* AdditionQuestion.m in Sources */ = {isa = PBXBuildFile; fileRef = 6484D0AA282DCB2B00D616F8 /* AdditionQuestion.m */; };
		6484D0AE282DCB3B00D616F8 /* SubtractionQuestion.m in Sources */ = {isa = PBXBuildFile; fileRef = 6484D0AD282DCB3B00D616F8 /* SubtractionQuestion.m */; };
		6484D0B2282DCB5900D616F8 /* MultiplicationQuestion.m in Sources */ = {isa = PBXBuildFile; fileRef = 6484D0B1282DCB5900D616F8 /* MultiplicationQuestion.m */; };
		6484D0B5282DCDFA00D616F8 /* QuestionFactory.m in Sources */ = {isa = PBXBuildFile; fileRef = 6484D0B4282DCDFA00D616F8 /* QuestionFactory.m */; };
		6484D0B8282DE35B00D616F8 /* QuestionManager.m in Sources */ = {isa = PBXBuildFile; fileRef = 6484D0B7282DE35B00D616F8 /* QuestionManager.m */; };
		6484D0BB282DE9B100D616F8 /* DivisionQuestion.m in Sources */ = {isa = PBXBuildFile; fileRef = 6484D0BA282DE9B100D616F8 /* DivisionQuestion.m */; };
		649B377E2829ADA600D5F21B /* main.m in Sources */ = {isa = PBXBuildFile; fileRef = 649B377D2829ADA600D5F21B /* main.m */; };
		649B378B2829B8E200D5F21B /* main.m in Sources */ = {isa = PBXBuildFile; fileRef = 649B378A2829B8E200D5F21B /* main.m */; };
		649B3797282AFE9100D5F21B /* main.m in Sources */ = {isa = PBXBuildFile; fileRef = 649B3796282AFE9100D5F21B /* main.m */; };
		649B37A0282B126C00D5F21B /* Box.m in Sources */ = {isa = PBXBuildFile; fileRef = 649B379F282B126C00D5F21B /* Box.m */; };
/* End PBXBuildFile section */

/* Begin PBXCopyFilesBuildPhase section */
		6484D08E282C592D00D616F8 /* CopyFiles */ = {
			isa = PBXCopyFilesBuildPhase;
			buildActionMask = 2147483647;
			dstPath = /usr/share/man/man1/;
			dstSubfolderSpec = 0;
			files = (
			);
			runOnlyForDeploymentPostprocessing = 1;
		};
		649B37782829ADA600D5F21B /* CopyFiles */ = {
			isa = PBXCopyFilesBuildPhase;
			buildActionMask = 2147483647;
			dstPath = /usr/share/man/man1/;
			dstSubfolderSpec = 0;
			files = (
			);
			runOnlyForDeploymentPostprocessing = 1;
		};
		649B37862829B8E200D5F21B /* CopyFiles */ = {
			isa = PBXCopyFilesBuildPhase;
			buildActionMask = 2147483647;
			dstPath = /usr/share/man/man1/;
			dstSubfolderSpec = 0;
			files = (
			);
			runOnlyForDeploymentPostprocessing = 1;
		};
		649B3792282AFE9100D5F21B /* CopyFiles */ = {
			isa = PBXCopyFilesBuildPhase;
			buildActionMask = 2147483647;
			dstPath = /usr/share/man/man1/;
			dstSubfolderSpec = 0;
			files = (
			);
			runOnlyForDeploymentPostprocessing = 1;
		};
/* End PBXCopyFilesBuildPhase section */

/* Begin PBXFileReference section */
		6484D090282C592D00D616F8 /* Lab3 */ = {isa = PBXFileReference; explicitFileType = "compiled.mach-o.executable"; includeInIndex = 0; path = Lab3; sourceTree = BUILT_PRODUCTS_DIR; };
		6484D092282C592D00D616F8 /* main.m */ = {isa = PBXFileReference; lastKnownFileType = sourcecode.c.objc; path = main.m; sourceTree = "<group>"; };
		6484D097282C59C000D616F8 /* Maths.h */ = {isa = PBXFileReference; lastKnownFileType = sourcecode.c.h; path = Maths.h; sourceTree = "<group>"; };
		6484D098282C59C000D616F8 /* Maths.m */ = {isa = PBXFileReference; lastKnownFileType = sourcecode.c.objc; path = Maths.m; sourceTree = "<group>"; };
		6484D09D282C5BD500D616F8 /* InputHandler.h */ = {isa = PBXFileReference; lastKnownFileType = sourcecode.c.h; path = InputHandler.h; sourceTree = "<group>"; };
		6484D09E282C5BD500D616F8 /* InputHandler.m */ = {isa = PBXFileReference; lastKnownFileType = sourcecode.c.objc; path = InputHandler.m; sourceTree = "<group>"; };
		6484D0A0282C6A2C00D616F8 /* Question.h */ = {isa = PBXFileReference; lastKnownFileType = sourcecode.c.h; path = Question.h; sourceTree = "<group>"; };
		6484D0A1282C6A2C00D616F8 /* Question.m */ = {isa = PBXFileReference; lastKnownFileType = sourcecode.c.objc; path = Question.m; sourceTree = "<group>"; };
		6484D0A3282C76EF00D616F8 /* ScoreKeeper.h */ = {isa = PBXFileReference; lastKnownFileType = sourcecode.c.h; path = ScoreKeeper.h; sourceTree = "<group>"; };
		6484D0A4282C76EF00D616F8 /* ScoreKeeper.m */ = {isa = PBXFileReference; lastKnownFileType = sourcecode.c.objc; path = ScoreKeeper.m; sourceTree = "<group>"; };
		6484D0A9282DCB2B00D616F8 /* AdditionQuestion.h */ = {isa = PBXFileReference; lastKnownFileType = sourcecode.c.h; path = AdditionQuestion.h; sourceTree = "<group>"; };
		6484D0AA282DCB2B00D616F8 /* AdditionQuestion.m */ = {isa = PBXFileReference; lastKnownFileType = sourcecode.c.objc; path = AdditionQuestion.m; sourceTree = "<group>"; };
		6484D0AC282DCB3B00D616F8 /* SubtractionQuestion.h */ = {isa = PBXFileReference; lastKnownFileType = sourcecode.c.h; path = SubtractionQuestion.h; sourceTree = "<group>"; };
		6484D0AD282DCB3B00D616F8 /* SubtractionQuestion.m */ = {isa = PBXFileReference; lastKnownFileType = sourcecode.c.objc; path = SubtractionQuestion.m; sourceTree = "<group>"; };
		6484D0B0282DCB5900D616F8 /* MultiplicationQuestion.h */ = {isa = PBXFileReference; lastKnownFileType = sourcecode.c.h; path = MultiplicationQuestion.h; sourceTree = "<group>"; };
		6484D0B1282DCB5900D616F8 /* MultiplicationQuestion.m */ = {isa = PBXFileReference; lastKnownFileType = sourcecode.c.objc; path = MultiplicationQuestion.m; sourceTree = "<group>"; };
		6484D0B3282DCDFA00D616F8 /* QuestionFactory.h */ = {isa = PBXFileReference; lastKnownFileType = sourcecode.c.h; path = QuestionFactory.h; sourceTree = "<group>"; };
		6484D0B4282DCDFA00D616F8 /* QuestionFactory.m */ = {isa = PBXFileReference; lastKnownFileType = sourcecode.c.objc; path = QuestionFactory.m; sourceTree = "<group>"; };
		6484D0B6282DE35B00D616F8 /* QuestionManager.h */ = {isa = PBXFileReference; lastKnownFileType = sourcecode.c.h; path = QuestionManager.h; sourceTree = "<group>"; };
		6484D0B7282DE35B00D616F8 /* QuestionManager.m */ = {isa = PBXFileReference; lastKnownFileType = sourcecode.c.objc; path = QuestionManager.m; sourceTree = "<group>"; };
		6484D0B9282DE9B100D616F8 /* DivisionQuestion.h */ = {isa = PBXFileReference; lastKnownFileType = sourcecode.c.h; path = DivisionQuestion.h; sourceTree = "<group>"; };
		6484D0BA282DE9B100D616F8 /* DivisionQuestion.m */ = {isa = PBXFileReference; lastKnownFileType = sourcecode.c.objc; path = DivisionQuestion.m; sourceTree = "<group>"; };
		649B377A2829ADA600D5F21B /* ObjectiveC */ = {isa = PBXFileReference; explicitFileType = "compiled.mach-o.executable"; includeInIndex = 0; path = ObjectiveC; sourceTree = BUILT_PRODUCTS_DIR; };
		649B377D2829ADA600D5F21B /* main.m */ = {isa = PBXFileReference; lastKnownFileType = sourcecode.c.objc; path = main.m; sourceTree = "<group>"; };
		649B37882829B8E200D5F21B /* Lab1 */ = {isa = PBXFileReference; explicitFileType = "compiled.mach-o.executable"; includeInIndex = 0; path = Lab1; sourceTree = BUILT_PRODUCTS_DIR; };
		649B378A2829B8E200D5F21B /* main.m */ = {isa = PBXFileReference; lastKnownFileType = sourcecode.c.objc; path = main.m; sourceTree = "<group>"; };
		649B3794282AFE9100D5F21B /* Lab2 */ = {isa = PBXFileReference; explicitFileType = "compiled.mach-o.executable"; includeInIndex = 0; path = Lab2; sourceTree = BUILT_PRODUCTS_DIR; };
		649B3796282AFE9100D5F21B /* main.m */ = {isa = PBXFileReference; lastKnownFileType = sourcecode.c.objc; path = main.m; sourceTree = "<group>"; };
		649B379E282B126C00D5F21B /* Box.h */ = {isa = PBXFileReference; lastKnownFileType = sourcecode.c.h; path = Box.h; sourceTree = "<group>"; };
		649B379F282B126C00D5F21B /* Box.m */ = {isa = PBXFileReference; lastKnownFileType = sourcecode.c.objc; path = Box.m; sourceTree = "<group>"; };
/* End PBXFileReference section */

/* Begin PBXFrameworksBuildPhase section */
		6484D08D282C592D00D616F8 /* Frameworks */ = {
			isa = PBXFrameworksBuildPhase;
			buildActionMask = 2147483647;
			files = (
			);
			runOnlyForDeploymentPostprocessing = 0;
		};
		649B37772829ADA600D5F21B /* Frameworks */ = {
			isa = PBXFrameworksBuildPhase;
			buildActionMask = 2147483647;
			files = (
			);
			runOnlyForDeploymentPostprocessing = 0;
		};
		649B37852829B8E200D5F21B /* Frameworks */ = {
			isa = PBXFrameworksBuildPhase;
			buildActionMask = 2147483647;
			files = (
			);
			runOnlyForDeploymentPostprocessing = 0;
		};
		649B3791282AFE9100D5F21B /* Frameworks */ = {
			isa = PBXFrameworksBuildPhase;
			buildActionMask = 2147483647;
			files = (
			);
			runOnlyForDeploymentPostprocessing = 0;
		};
/* End PBXFrameworksBuildPhase section */

/* Begin PBXGroup section */
		6484D091282C592D00D616F8 /* Lab3 */ = {
			isa = PBXGroup;
			children = (
				6484D092282C592D00D616F8 /* main.m */,
				6484D097282C59C000D616F8 /* Maths.h */,
				6484D098282C59C000D616F8 /* Maths.m */,
				6484D09D282C5BD500D616F8 /* InputHandler.h */,
				6484D09E282C5BD500D616F8 /* InputHandler.m */,
				6484D0A0282C6A2C00D616F8 /* Question.h */,
				6484D0A1282C6A2C00D616F8 /* Question.m */,
				6484D0A3282C76EF00D616F8 /* ScoreKeeper.h */,
				6484D0A4282C76EF00D616F8 /* ScoreKeeper.m */,
				6484D0A9282DCB2B00D616F8 /* AdditionQuestion.h */,
				6484D0AA282DCB2B00D616F8 /* AdditionQuestion.m */,
				6484D0AC282DCB3B00D616F8 /* SubtractionQuestion.h */,
				6484D0AD282DCB3B00D616F8 /* SubtractionQuestion.m */,
				6484D0B0282DCB5900D616F8 /* MultiplicationQuestion.h */,
				6484D0B1282DCB5900D616F8 /* MultiplicationQuestion.m */,
				6484D0B3282DCDFA00D616F8 /* QuestionFactory.h */,
				6484D0B4282DCDFA00D616F8 /* QuestionFactory.m */,
				6484D0B6282DE35B00D616F8 /* QuestionManager.h */,
				6484D0B7282DE35B00D616F8 /* QuestionManager.m */,
				6484D0B9282DE9B100D616F8 /* DivisionQuestion.h */,
				6484D0BA282DE9B100D616F8 /* DivisionQuestion.m */,
			);
			path = Lab3;
			sourceTree = "<group>";
		};
		649B37712829ADA600D5F21B = {
			isa = PBXGroup;
			children = (
				649B377C2829ADA600D5F21B /* ObjectiveC */,
				649B37892829B8E200D5F21B /* Lab1 */,
				649B3795282AFE9100D5F21B /* Lab2 */,
				6484D091282C592D00D616F8 /* Lab3 */,
				649B377B2829ADA600D5F21B /* Products */,
			);
			sourceTree = "<group>";
		};
		649B377B2829ADA600D5F21B /* Products */ = {
			isa = PBXGroup;
			children = (
				649B377A2829ADA600D5F21B /* ObjectiveC */,
				649B37882829B8E200D5F21B /* Lab1 */,
				649B3794282AFE9100D5F21B /* Lab2 */,
				6484D090282C592D00D616F8 /* Lab3 */,
			);
			name = Products;
			sourceTree = "<group>";
		};
		649B377C2829ADA600D5F21B /* ObjectiveC */ = {
			isa = PBXGroup;
			children = (
				649B377D2829ADA600D5F21B /* main.m */,
			);
			path = ObjectiveC;
			sourceTree = "<group>";
		};
		649B37892829B8E200D5F21B /* Lab1 */ = {
			isa = PBXGroup;
			children = (
				649B378A2829B8E200D5F21B /* main.m */,
			);
			path = Lab1;
			sourceTree = "<group>";
		};
		649B3795282AFE9100D5F21B /* Lab2 */ = {
			isa = PBXGroup;
			children = (
				649B3796282AFE9100D5F21B /* main.m */,
				649B379E282B126C00D5F21B /* Box.h */,
				649B379F282B126C00D5F21B /* Box.m */,
			);
			path = Lab2;
			sourceTree = "<group>";
		};
/* End PBXGroup section */

/* Begin PBXNativeTarget section */
		6484D08F282C592D00D616F8 /* Lab3 */ = {
			isa = PBXNativeTarget;
			buildConfigurationList = 6484D096282C592D00D616F8 /* Build configuration list for PBXNativeTarget "Lab3" */;
			buildPhases = (
				6484D08C282C592D00D616F8 /* Sources */,
				6484D08D282C592D00D616F8 /* Frameworks */,
				6484D08E282C592D00D616F8 /* CopyFiles */,
			);
			buildRules = (
			);
			dependencies = (
			);
			name = Lab3;
			productName = Lab3;
			productReference = 6484D090282C592D00D616F8 /* Lab3 */;
			productType = "com.apple.product-type.tool";
		};
		649B37792829ADA600D5F21B /* ObjectiveC */ = {
			isa = PBXNativeTarget;
			buildConfigurationList = 649B37812829ADA600D5F21B /* Build configuration list for PBXNativeTarget "ObjectiveC" */;
			buildPhases = (
				649B37762829ADA600D5F21B /* Sources */,
				649B37772829ADA600D5F21B /* Frameworks */,
				649B37782829ADA600D5F21B /* CopyFiles */,
			);
			buildRules = (
			);
			dependencies = (
			);
			name = ObjectiveC;
			productName = ObjectiveC;
			productReference = 649B377A2829ADA600D5F21B /* ObjectiveC */;
			productType = "com.apple.product-type.tool";
		};
		649B37872829B8E200D5F21B /* Lab1 */ = {
			isa = PBXNativeTarget;
			buildConfigurationList = 649B378C2829B8E200D5F21B /* Build configuration list for PBXNativeTarget "Lab1" */;
			buildPhases = (
				649B37842829B8E200D5F21B /* Sources */,
				649B37852829B8E200D5F21B /* Frameworks */,
				649B37862829B8E200D5F21B /* CopyFiles */,
			);
			buildRules = (
			);
			dependencies = (
			);
			name = Lab1;
			productName = Lab1;
			productReference = 649B37882829B8E200D5F21B /* Lab1 */;
			productType = "com.apple.product-type.tool";
		};
		649B3793282AFE9100D5F21B /* Lab2 */ = {
			isa = PBXNativeTarget;
			buildConfigurationList = 649B3798282AFE9100D5F21B /* Build configuration list for PBXNativeTarget "Lab2" */;
			buildPhases = (
				649B3790282AFE9100D5F21B /* Sources */,
				649B3791282AFE9100D5F21B /* Frameworks */,
				649B3792282AFE9100D5F21B /* CopyFiles */,
			);
			buildRules = (
			);
			dependencies = (
			);
			name = Lab2;
			productName = Lab2;
			productReference = 649B3794282AFE9100D5F21B /* Lab2 */;
			productType = "com.apple.product-type.tool";
		};
/* End PBXNativeTarget section */

/* Begin PBXProject section */
		649B37722829ADA600D5F21B /* Project object */ = {
			isa = PBXProject;
			attributes = {
				BuildIndependentTargetsInParallel = 1;
				LastUpgradeCheck = 1330;
				TargetAttributes = {
					6484D08F282C592D00D616F8 = {
						CreatedOnToolsVersion = 13.3;
					};
					649B37792829ADA600D5F21B = {
						CreatedOnToolsVersion = 13.3;
					};
					649B37872829B8E200D5F21B = {
						CreatedOnToolsVersion = 13.3;
					};
					649B3793282AFE9100D5F21B = {
						CreatedOnToolsVersion = 13.3;
					};
				};
			};
			buildConfigurationList = 649B37752829ADA600D5F21B /* Build configuration list for PBXProject "ObjectiveC" */;
			compatibilityVersion = "Xcode 13.0";
			developmentRegion = en;
			hasScannedForEncodings = 0;
			knownRegions = (
				en,
				Base,
			);
			mainGroup = 649B37712829ADA600D5F21B;
			productRefGroup = 649B377B2829ADA600D5F21B /* Products */;
			projectDirPath = "";
			projectRoot = "";
			targets = (
				649B37792829ADA600D5F21B /* ObjectiveC */,
				649B37872829B8E200D5F21B /* Lab1 */,
				649B3793282AFE9100D5F21B /* Lab2 */,
				6484D08F282C592D00D616F8 /* Lab3 */,
			);
		};
/* End PBXProject section */

/* Begin PBXSourcesBuildPhase section */
		6484D08C282C592D00D616F8 /* Sources */ = {
			isa = PBXSourcesBuildPhase;
			buildActionMask = 2147483647;
			files = (
				6484D0A5282C76EF00D616F8 /* ScoreKeeper.m in Sources */,
				6484D0BB282DE9B100D616F8 /* DivisionQuestion.m in Sources */,
				6484D0B2282DCB5900D616F8 /* MultiplicationQuestion.m in Sources */,
				6484D0AB282DCB2C00D616F8 /* AdditionQuestion.m in Sources */,
				6484D0AE282DCB3B00D616F8 /* SubtractionQuestion.m in Sources */,
				6484D093282C592D00D616F8 /* main.m in Sources */,
				6484D0B8282DE35B00D616F8 /* QuestionManager.m in Sources */,
				6484D0A2282C6A2C00D616F8 /* Question.m in Sources */,
				6484D0B5282DCDFA00D616F8 /* QuestionFactory.m in Sources */,
				6484D09F282C5BD500D616F8 /* InputHandler.m in Sources */,
				6484D099282C59C000D616F8 /* Maths.m in Sources */,
			);
			runOnlyForDeploymentPostprocessing = 0;
		};
		649B37762829ADA600D5F21B /* Sources */ = {
			isa = PBXSourcesBuildPhase;
			buildActionMask = 2147483647;
			files = (
				649B377E2829ADA600D5F21B /* main.m in Sources */,
			);
			runOnlyForDeploymentPostprocessing = 0;
		};
		649B37842829B8E200D5F21B /* Sources */ = {
			isa = PBXSourcesBuildPhase;
			buildActionMask = 2147483647;
			files = (
				649B378B2829B8E200D5F21B /* main.m in Sources */,
			);
			runOnlyForDeploymentPostprocessing = 0;
		};
		649B3790282AFE9100D5F21B /* Sources */ = {
			isa = PBXSourcesBuildPhase;
			buildActionMask = 2147483647;
			files = (
				649B37A0282B126C00D5F21B /* Box.m in Sources */,
				649B3797282AFE9100D5F21B /* main.m in Sources */,
			);
			runOnlyForDeploymentPostprocessing = 0;
		};
/* End PBXSourcesBuildPhase section */

/* Begin XCBuildConfiguration section */
		6484D094282C592D00D616F8 /* Debug */ = {
			isa = XCBuildConfiguration;
			buildSettings = {
				CODE_SIGN_STYLE = Automatic;
				DEVELOPMENT_TEAM = N53R4WJ796;
				ENABLE_HARDENED_RUNTIME = YES;
				PRODUCT_NAME = "$(TARGET_NAME)";
			};
			name = Debug;
		};
		6484D095282C592D00D616F8 /* Release */ = {
			isa = XCBuildConfiguration;
			buildSettings = {
				CODE_SIGN_STYLE = Automatic;
				DEVELOPMENT_TEAM = N53R4WJ796;
				ENABLE_HARDENED_RUNTIME = YES;
				PRODUCT_NAME = "$(TARGET_NAME)";
			};
			name = Release;
		};
		649B377F2829ADA600D5F21B /* Debug */ = {
			isa = XCBuildConfiguration;
			buildSettings = {
				ALWAYS_SEARCH_USER_PATHS = NO;
				CLANG_ANALYZER_NONNULL = YES;
				CLANG_ANALYZER_NUMBER_OBJECT_CONVERSION = YES_AGGRESSIVE;
				CLANG_CXX_LANGUAGE_STANDARD = "gnu++17";
				CLANG_ENABLE_MODULES = YES;
				CLANG_ENABLE_OBJC_ARC = YES;
				CLANG_ENABLE_OBJC_WEAK = YES;
				CLANG_WARN_BLOCK_CAPTURE_AUTORELEASING = YES;
				CLANG_WARN_BOOL_CONVERSION = YES;
				CLANG_WARN_COMMA = YES;
				CLANG_WARN_CONSTANT_CONVERSION = YES;
				CLANG_WARN_DEPRECATED_OBJC_IMPLEMENTATIONS = YES;
				CLANG_WARN_DIRECT_OBJC_ISA_USAGE = YES_ERROR;
				CLANG_WARN_DOCUMENTATION_COMMENTS = YES;
				CLANG_WARN_EMPTY_BODY = YES;
				CLANG_WARN_ENUM_CONVERSION = YES;
				CLANG_WARN_INFINITE_RECURSION = YES;
				CLANG_WARN_INT_CONVERSION = YES;
				CLANG_WARN_NON_LITERAL_NULL_CONVERSION = YES;
				CLANG_WARN_OBJC_IMPLICIT_RETAIN_SELF = YES;
				CLANG_WARN_OBJC_LITERAL_CONVERSION = YES;
				CLANG_WARN_OBJC_ROOT_CLASS = YES_ERROR;
				CLANG_WARN_QUOTED_INCLUDE_IN_FRAMEWORK_HEADER = YES;
				CLANG_WARN_RANGE_LOOP_ANALYSIS = YES;
				CLANG_WARN_STRICT_PROTOTYPES = YES;
				CLANG_WARN_SUSPICIOUS_MOVE = YES;
				CLANG_WARN_UNGUARDED_AVAILABILITY = YES_AGGRESSIVE;
				CLANG_WARN_UNREACHABLE_CODE = YES;
				CLANG_WARN__DUPLICATE_METHOD_MATCH = YES;
				COPY_PHASE_STRIP = NO;
				DEBUG_INFORMATION_FORMAT = dwarf;
				ENABLE_STRICT_OBJC_MSGSEND = YES;
				ENABLE_TESTABILITY = YES;
				GCC_C_LANGUAGE_STANDARD = gnu11;
				GCC_DYNAMIC_NO_PIC = NO;
				GCC_NO_COMMON_BLOCKS = YES;
				GCC_OPTIMIZATION_LEVEL = 0;
				GCC_PREPROCESSOR_DEFINITIONS = (
					"DEBUG=1",
					"$(inherited)",
				);
				GCC_WARN_64_TO_32_BIT_CONVERSION = YES;
				GCC_WARN_ABOUT_RETURN_TYPE = YES_ERROR;
				GCC_WARN_UNDECLARED_SELECTOR = YES;
				GCC_WARN_UNINITIALIZED_AUTOS = YES_AGGRESSIVE;
				GCC_WARN_UNUSED_FUNCTION = YES;
				GCC_WARN_UNUSED_VARIABLE = YES;
				MACOSX_DEPLOYMENT_TARGET = 12.2;
				MTL_ENABLE_DEBUG_INFO = INCLUDE_SOURCE;
				MTL_FAST_MATH = YES;
				ONLY_ACTIVE_ARCH = YES;
				SDKROOT = macosx;
			};
			name = Debug;
		};
		649B37802829ADA600D5F21B /* Release */ = {
			isa = XCBuildConfiguration;
			buildSettings = {
				ALWAYS_SEARCH_USER_PATHS = NO;
				CLANG_ANALYZER_NONNULL = YES;
				CLANG_ANALYZER_NUMBER_OBJECT_CONVERSION = YES_AGGRESSIVE;
				CLANG_CXX_LANGUAGE_STANDARD = "gnu++17";
				CLANG_ENABLE_MODULES = YES;
				CLANG_ENABLE_OBJC_ARC = YES;
				CLANG_ENABLE_OBJC_WEAK = YES;
				CLANG_WARN_BLOCK_CAPTURE_AUTORELEASING = YES;
				CLANG_WARN_BOOL_CONVERSION = YES;
				CLANG_WARN_COMMA = YES;
				CLANG_WARN_CONSTANT_CONVERSION = YES;
				CLANG_WARN_DEPRECATED_OBJC_IMPLEMENTATIONS = YES;
				CLANG_WARN_DIRECT_OBJC_ISA_USAGE = YES_ERROR;
				CLANG_WARN_DOCUMENTATION_COMMENTS = YES;
				CLANG_WARN_EMPTY_BODY = YES;
				CLANG_WARN_ENUM_CONVERSION = YES;
				CLANG_WARN_INFINITE_RECURSION = YES;
				CLANG_WARN_INT_CONVERSION = YES;
				CLANG_WARN_NON_LITERAL_NULL_CONVERSION = YES;
				CLANG_WARN_OBJC_IMPLICIT_RETAIN_SELF = YES;
				CLANG_WARN_OBJC_LITERAL_CONVERSION = YES;
				CLANG_WARN_OBJC_ROOT_CLASS = YES_ERROR;
				CLANG_WARN_QUOTED_INCLUDE_IN_FRAMEWORK_HEADER = YES;
				CLANG_WARN_RANGE_LOOP_ANALYSIS = YES;
				CLANG_WARN_STRICT_PROTOTYPES = YES;
				CLANG_WARN_SUSPICIOUS_MOVE = YES;
				CLANG_WARN_UNGUARDED_AVAILABILITY = YES_AGGRESSIVE;
				CLANG_WARN_UNREACHABLE_CODE = YES;
				CLANG_WARN__DUPLICATE_METHOD_MATCH = YES;
				COPY_PHASE_STRIP = NO;
				DEBUG_INFORMATION_FORMAT = "dwarf-with-dsym";
				ENABLE_NS_ASSERTIONS = NO;
				ENABLE_STRICT_OBJC_MSGSEND = YES;
				GCC_C_LANGUAGE_STANDARD = gnu11;
				GCC_NO_COMMON_BLOCKS = YES;
				GCC_WARN_64_TO_32_BIT_CONVERSION = YES;
				GCC_WARN_ABOUT_RETURN_TYPE = YES_ERROR;
				GCC_WARN_UNDECLARED_SELECTOR = YES;
				GCC_WARN_UNINITIALIZED_AUTOS = YES_AGGRESSIVE;
				GCC_WARN_UNUSED_FUNCTION = YES;
				GCC_WARN_UNUSED_VARIABLE = YES;
				MACOSX_DEPLOYMENT_TARGET = 12.2;
				MTL_ENABLE_DEBUG_INFO = NO;
				MTL_FAST_MATH = YES;
				SDKROOT = macosx;
			};
			name = Release;
		};
		649B37822829ADA600D5F21B /* Debug */ = {
			isa = XCBuildConfiguration;
			buildSettings = {
				CODE_SIGN_STYLE = Automatic;
				DEVELOPMENT_TEAM = N53R4WJ796;
				ENABLE_HARDENED_RUNTIME = YES;
				PRODUCT_NAME = "$(TARGET_NAME)";
			};
			name = Debug;
		};
		649B37832829ADA600D5F21B /* Release */ = {
			isa = XCBuildConfiguration;
			buildSettings = {
				CODE_SIGN_STYLE = Automatic;
				DEVELOPMENT_TEAM = N53R4WJ796;
				ENABLE_HARDENED_RUNTIME = YES;
				PRODUCT_NAME = "$(TARGET_NAME)";
			};
			name = Release;
		};
		649B378D2829B8E200D5F21B /* Debug */ = {
			isa = XCBuildConfiguration;
			buildSettings = {
				CODE_SIGN_STYLE = Automatic;
				DEVELOPMENT_TEAM = N53R4WJ796;
				ENABLE_HARDENED_RUNTIME = YES;
				PRODUCT_NAME = "$(TARGET_NAME)";
			};
			name = Debug;
		};
		649B378E2829B8E200D5F21B /* Release */ = {
			isa = XCBuildConfiguration;
			buildSettings = {
				CODE_SIGN_STYLE = Automatic;
				DEVELOPMENT_TEAM = N53R4WJ796;
				ENABLE_HARDENED_RUNTIME = YES;
				PRODUCT_NAME = "$(TARGET_NAME)";
			};
			name = Release;
		};
		649B3799282AFE9100D5F21B /* Debug */ = {
			isa = XCBuildConfiguration;
			buildSettings = {
				CODE_SIGN_STYLE = Automatic;
				DEVELOPMENT_TEAM = N53R4WJ796;
				ENABLE_HARDENED_RUNTIME = YES;
				PRODUCT_NAME = "$(TARGET_NAME)";
			};
			name = Debug;
		};
		649B379A282AFE9100D5F21B /* Release */ = {
			isa = XCBuildConfiguration;
			buildSettings = {
				CODE_SIGN_STYLE = Automatic;
				DEVELOPMENT_TEAM = N53R4WJ796;
				ENABLE_HARDENED_RUNTIME = YES;
				PRODUCT_NAME = "$(TARGET_NAME)";
			};
			name = Release;
		};
/* End XCBuildConfiguration section */

/* Begin XCConfigurationList section */
		6484D096282C592D00D616F8 /* Build configuration list for PBXNativeTarget "Lab3" */ = {
			isa = XCConfigurationList;
			buildConfigurations = (
				6484D094282C592D00D616F8 /* Debug */,
				6484D095282C592D00D616F8 /* Release */,
			);
			defaultConfigurationIsVisible = 0;
			defaultConfigurationName = Release;
		};
		649B37752829ADA600D5F21B /* Build configuration list for PBXProject "ObjectiveC" */ = {
			isa = XCConfigurationList;
			buildConfigurations = (
				649B377F2829ADA600D5F21B /* Debug */,
				649B37802829ADA600D5F21B /* Release */,
			);
			defaultConfigurationIsVisible = 0;
			defaultConfigurationName = Release;
		};
		649B37812829ADA600D5F21B /* Build configuration list for PBXNativeTarget "ObjectiveC" */ = {
			isa = XCConfigurationList;
			buildConfigurations = (
				649B37822829ADA600D5F21B /* Debug */,
				649B37832829ADA600D5F21B /* Release */,
			);
			defaultConfigurationIsVisible = 0;
			defaultConfigurationName = Release;
		};
		649B378C2829B8E200D5F21B /* Build configuration list for PBXNativeTarget "Lab1" */ = {
			isa = XCConfigurationList;
			buildConfigurations = (
				649B378D2829B8E200D5F21B /* Debug */,
				649B378E2829B8E200D5F21B /* Release */,
			);
			defaultConfigurationIsVisible = 0;
			defaultConfigurationName = Release;
		};
		649B3798282AFE9100D5F21B /* Build configuration list for PBXNativeTarget "Lab2" */ = {
			isa = XCConfigurationList;
			buildConfigurations = (
				649B3799282AFE9100D5F21B /* Debug */,
				649B379A282AFE9100D5F21B /* Release */,
			);
			defaultConfigurationIsVisible = 0;
			defaultConfigurationName = Release;
		};
/* End XCConfigurationList section */
	};
	rootObject = 649B37722829ADA600D5F21B /* Project object */;
}
